{
  "originHash" : "891cce1a2e5740e9da5b83f5ae8318d7657deb75e81f6a5d7be479fbdadf82e9",
  "pins" : [
    {
      "identity" : "google-mlkit-swiftpm",
      "kind" : "remoteSourceControl",
      "location" : "https://github.com/d-date/google-mlkit-swiftpm",
      "state" : {
        "revision" : "064418cee64470417fbc5c726e22815dc92c56c9",
        "version" : "6.0.0"
      }
    },
    {
      "identity" : "googledatatransport",
      "kind" : "remoteSourceControl",
      "location" : "https://github.com/google/GoogleDataTransport.git",
      "state" : {
        "revision" : "a637d318ae7ae246b02d7305121275bc75ed5565",
        "version" : "9.4.0"
      }
    },
    {
      "identity" : "googleutilities",
      "kind" : "remoteSourceControl",
      "location" : "https://github.com/google/GoogleUtilities.git",
      "state" : {
        "revision" : "8e5d57ed87057cd7b0e4e8f474d9e78f73eb85f7",
        "version" : "7.13.2"
      }
    },
    {
      "identity" : "gtm-session-fetcher",
      "kind" : "remoteSourceControl",
      "location" : "https://github.com/google/gtm-session-fetcher.git",
      "state" : {
        "revision" : "0382ca27f22fb3494cf657d8dc356dc282cd1193",
        "version" : "3.4.1"
      }
    },
    {
      "identity" : "nanopb",
      "kind" : "remoteSourceControl",
      "location" : "https://github.com/firebase/nanopb.git",
      "state" : {
        "revision" : "b7e1104502eca3a213b46303391ca4d3bc8ddec1",
        "version" : "2.30910.0"
      }
    },
    {
      "identity" : "promises",
      "kind" : "remoteSourceControl",
      "location" : "https://github.com/google/promises.git",
      "state" : {
        "revision" : "540318ecedd63d883069ae7f1ed811a2df00b6ac",
        "version" : "2.4.0"
      }
    }
  ],
  "version" : 3
}
